
Microsoft Visual Studio Solution File, Format Version 12.00
# Visual Studio Version 16
VisualStudioVersion = 16.0.30621.155
MinimumVisualStudioVersion = 10.0.40219.1
Project("{FAE04EC0-301F-11D3-BF4B-00C04F79EFBC}") = "ChatCliente", "ChatCliente\ChatCliente.csproj", "{894D66C4-BE8D-4B74-976C-03923F345D3D}"
EndProject
Project("{9A19103F-16F7-4668-BE54-9A1E7A4F7556}") = "ChatLibrary", "..\ChatServidor\ChatLibrary\ChatLibrary.csproj", "{1A1E97D1-44FF-46F8-A275-B0A9B50E35B9}"
EndProject
Global
	GlobalSection(SolutionConfigurationPlatforms) = preSolution
		Debug|Any CPU = Debug|Any CPU
		Release|Any CPU = Release|Any CPU
	EndGlobalSection
	GlobalSection(ProjectConfigurationPlatforms) = postSolution
		{894D66C4-BE8D-4B74-976C-03923F345D3D}.Debug|Any CPU.ActiveCfg = Debug|Any CPU
		{894D66C4-BE8D-4B74-976C-03923F345D3D}.Debug|Any CPU.Build.0 = Debug|Any CPU
		{894D66C4-BE8D-4B74-976C-03923F345D3D}.Release|Any CPU.ActiveCfg = Release|Any CPU
		{894D66C4-BE8D-4B74-976C-03923F345D3D}.Release|Any CPU.Build.0 = Release|Any CPU
		{1A1E97D1-44FF-46F8-A275-B0A9B50E35B9}.Debug|Any CPU.ActiveCfg = Debug|Any CPU
		{1A1E97D1-44FF-46F8-A275-B0A9B50E35B9}.Debug|Any CPU.Build.0 = Debug|Any CPU
		{1A1E97D1-44FF-46F8-A275-B0A9B50E35B9}.Release|Any CPU.ActiveCfg = Release|Any CPU
		{1A1E97D1-44FF-46F8-A275-B0A9B50E35B9}.Release|Any CPU.Build.0 = Release|Any CPU
	EndGlobalSection
	GlobalSection(SolutionProperties) = preSolution
		HideSolutionNode = FALSE
	EndGlobalSection
	GlobalSection(ExtensibilityGlobals) = postSolution
		SolutionGuid = {1FAFE1CB-1C25-4DA8-8B7E-F463BC8603A6}
	EndGlobalSection
EndGlobal
